
Microsoft Visual Studio Solution File, Format Version 10.00
# Visual C++ Express 2008
Project("{8BC9CEB8-8B4A-11D0-8D11-00A0C91BC942}") = "nativechecker", "nativechecker.vcproj", "{163EDD5F-2A9A-4E75-B453-13980017E6CB}"
EndProject
Global
	GlobalSection(SolutionConfigurationPlatforms) = preSolution
		Debug|Win32 = Debug|Win32
		Release|Win32 = Release|Win32
	EndGlobalSection
	GlobalSection(ProjectConfigurationPlatforms) = postSolution
		{163EDD5F-2A9A-4E75-B453-13980017E6CB}.Debug|Win32.ActiveCfg = Debug|Win32
		{163EDD5F-2A9A-4E75-B453-13980017E6CB}.Debug|Win32.Build.0 = Debug|Win32
		{163EDD5F-2A9A-4E75-B453-13980017E6CB}.Release|Win32.ActiveCfg = Release|Win32
		{163EDD5F-2A9A-4E75-B453-13980017E6CB}.Release|Win32.Build.0 = Release|Win32
	EndGlobalSection
	GlobalSection(SolutionProperties) = preSolution
		HideSolutionNode = FALSE
	EndGlobalSection
EndGlobal
